
Microsoft Visual Studio Solution File, Format Version 12.00
# Visual Studio 15
VisualStudioVersion = 15.0.26228.9
MinimumVisualStudioVersion = 10.0.40219.1
Project("{2150E333-8FDC-42A3-9474-1A3956D46DE8}") = "src", "src", "{FDCA3ECD-C0AF-4AA5-A4BE-9A00316150B3}"
EndProject
Project("{2150E333-8FDC-42A3-9474-1A3956D46DE8}") = "_Solution Items", "_Solution Items", "{85E5CBF4-973E-4286-B82F-A85D7CAACAAD}"
	ProjectSection(SolutionItems) = preProject
		globalNuget.json = globalNuget.json
	EndProjectSection
EndProject
Project("{2150E333-8FDC-42A3-9474-1A3956D46DE8}") = "test", "test", "{7F4EF6CF-7AB7-4F00-A7C2-7B2507C911C9}"
EndProject
Project("{2150E333-8FDC-42A3-9474-1A3956D46DE8}") = "ext", "ext", "{104A5A45-ADDB-4186-B52A-0FE545088349}"
EndProject
Project("{9A19103F-16F7-4668-BE54-9A1E7A4F7556}") = "FLUX.Web.MVC", "src\FLUX.Web.MVC\FLUX.Web.MVC.csproj", "{4E83FF6D-5CA2-4AAB-8B05-21FDE9A19330}"
EndProject
Project("{9A19103F-16F7-4668-BE54-9A1E7A4F7556}") = "FLUX.Configuration", "src\FLUX.Configuration\FLUX.Configuration.csproj", "{5796C57D-869D-4EDC-A1EF-A84B1C69A6C7}"
EndProject
Project("{9A19103F-16F7-4668-BE54-9A1E7A4F7556}") = "FLUX.DomainObjects", "src\FLUX.DomainObjects\FLUX.DomainObjects.csproj", "{0DEE82E2-EB8B-4049-B7DE-25877A643347}"
EndProject
Project("{9A19103F-16F7-4668-BE54-9A1E7A4F7556}") = "FLUX.Interfaces", "src\FLUX.Interfaces\FLUX.Interfaces.csproj", "{95851505-F670-4282-8DC5-CC81DE6CA3C8}"
EndProject
Project("{9A19103F-16F7-4668-BE54-9A1E7A4F7556}") = "FLUX.Web.MVC.Tests", "test\FLUX.Web.MVC.Tests\FLUX.Web.MVC.Tests.csproj", "{892C11F0-320F-4D13-91AE-55D089D32F9D}"
EndProject
Project("{9A19103F-16F7-4668-BE54-9A1E7A4F7556}") = "FLUX.Configuration.Tests", "test\FLUX.Configuration.Tests\FLUX.Configuration.Tests.csproj", "{AE72DD44-9CE3-41BE-9C96-1AFC43E9CD32}"
EndProject
Project("{9A19103F-16F7-4668-BE54-9A1E7A4F7556}") = "DataAccess.Interfaces", "src\DataAccess.Interfaces\DataAccess.Interfaces.csproj", "{95FAC8B8-45ED-4D21-941A-487AE1E59383}"
EndProject
Project("{9A19103F-16F7-4668-BE54-9A1E7A4F7556}") = "FLUX.Web.Logic.Tests", "test\FLUX.Web.Logic.Tests\FLUX.Web.Logic.Tests.csproj", "{A9E39C1E-201D-4C2C-A733-826C06CD4B28}"
EndProject
Project("{9A19103F-16F7-4668-BE54-9A1E7A4F7556}") = "FLUX.Web.Logic", "src\FLUX.Web.Logic\FLUX.Web.Logic.csproj", "{91AC5551-3287-48B8-87E8-67465BD7AD27}"
EndProject
Project("{9A19103F-16F7-4668-BE54-9A1E7A4F7556}") = "DataAccess.Base", "src\DataAccess.Base\DataAccess.Base.csproj", "{E7DDA2A7-A184-4E05-8AA9-116096B2DEB2}"
EndProject
Project("{9A19103F-16F7-4668-BE54-9A1E7A4F7556}") = "DataAccess.XMLStub", "src\DataAccess.XMLStub\DataAccess.XMLStub.csproj", "{3FAE7CC0-6D74-427C-AEF5-1613CF5303F8}"
EndProject
Project("{9A19103F-16F7-4668-BE54-9A1E7A4F7556}") = "DataAccess.FileSystem", "src\DataAccess.FileSystem\DataAccess.FileSystem.csproj", "{BE84D7C3-BDB1-401E-A3FF-5EE7EACDA630}"
EndProject
Project("{9A19103F-16F7-4668-BE54-9A1E7A4F7556}") = "DataAccess.Tests", "test\DataAccess.Tests\DataAccess.Tests.csproj", "{749AF3DE-6D75-4875-969B-954B59CBE018}"
EndProject
Project("{9A19103F-16F7-4668-BE54-9A1E7A4F7556}") = "Facade.Configuration", "ext\Facade.Configuration\Facade.Configuration.csproj", "{F77DA5ED-2C81-4F66-824B-39C5F11CE5B4}"
EndProject
Project("{9A19103F-16F7-4668-BE54-9A1E7A4F7556}") = "Facade.MVC", "ext\Facade.MVC\Facade.MVC.csproj", "{C4B66081-3C8D-4653-AAFF-1E1A825754D5}"
EndProject
Project("{9A19103F-16F7-4668-BE54-9A1E7A4F7556}") = "DataStructure.Tree", "ext\DataStructure.Tree\DataStructure.Tree.csproj", "{F2048D74-7165-40D1-ABF3-84D7F2910893}"
EndProject
Project("{9A19103F-16F7-4668-BE54-9A1E7A4F7556}") = "DataStructure.Tests", "test\DataStructure.Tests\DataStructure.Tests.csproj", "{74B600BB-FF9B-4CB2-999B-31C876D8ED63}"
EndProject
Project("{9A19103F-16F7-4668-BE54-9A1E7A4F7556}") = "DynamicLoading", "ext\DynamicLoading\DynamicLoading.csproj", "{2CC00359-6135-4A39-AF32-1F1F955D1C72}"
EndProject
Project("{9A19103F-16F7-4668-BE54-9A1E7A4F7556}") = "Facade.Session", "ext\Facade.Session\Facade.Session.csproj", "{C237458F-1544-4A21-A3E3-EADD67ECB3C7}"
EndProject
Project("{9A19103F-16F7-4668-BE54-9A1E7A4F7556}") = "Extension.IEnumerable", "ext\Extension.IEnumerable\Extension.IEnumerable.csproj", "{DDC40C71-0631-4ECA-8B55-DB335B26052B}"
EndProject
Project("{9A19103F-16F7-4668-BE54-9A1E7A4F7556}") = "Extraction.Interfaces", "src\Extraction.Interfaces\Extraction.Interfaces.csproj", "{C9A88323-1738-4C28-AB02-8621425B6C19}"
EndProject
Project("{9A19103F-16F7-4668-BE54-9A1E7A4F7556}") = "Extraction.Base", "src\Extraction.Base\Extraction.Base.csproj", "{E9C9AAB2-BB97-47A9-BB42-E34D29C4DC38}"
EndProject
Project("{9A19103F-16F7-4668-BE54-9A1E7A4F7556}") = "Extraction.DomainObjects", "src\Extraction.DomainObjects\Extraction.DomainObjects.csproj", "{DB4913E8-2ECC-42E9-8A46-608ED9A1AF91}"
EndProject
Project("{9A19103F-16F7-4668-BE54-9A1E7A4F7556}") = "Extraction.Layer.File", "src\Extraction.Layer.File\Extraction.Layer.File.csproj", "{96B08F70-3626-4620-9299-3E4B18727630}"
EndProject
Project("{9A19103F-16F7-4668-BE54-9A1E7A4F7556}") = "DynamicLoading.Tests", "test\DynamicLoading.Tests\DynamicLoading.Tests.csproj", "{34683D4C-82FD-4778-8013-405D993B3B0E}"
EndProject
Project("{9A19103F-16F7-4668-BE54-9A1E7A4F7556}") = "Facade.Tests", "test\Facade.Tests\Facade.Tests.csproj", "{50A524F2-C60A-4441-A0B5-47A7733E2B27}"
EndProject
Project("{9A19103F-16F7-4668-BE54-9A1E7A4F7556}") = "Extension.Test", "test\Extension.Test\Extension.Test.csproj", "{F44367F3-9D92-42B3-892B-7E462979C4EB}"
EndProject
Project("{9A19103F-16F7-4668-BE54-9A1E7A4F7556}") = "Extraction.Tests", "test\Extraction.Tests\Extraction.Tests.csproj", "{EF506AA3-DFA0-4FB6-994A-9AD58439E831}"
EndProject
Project("{9A19103F-16F7-4668-BE54-9A1E7A4F7556}") = "Extraction.Layer.Tags", "src\Extraction.Layer.Tags\Extraction.Layer.Tags.csproj", "{70FEBB02-7820-4EB6-BC2D-41A5AFF03D76}"
EndProject
Global
	GlobalSection(SolutionConfigurationPlatforms) = preSolution
		Debug|Any CPU = Debug|Any CPU
		Release|Any CPU = Release|Any CPU
	EndGlobalSection
	GlobalSection(ProjectConfigurationPlatforms) = postSolution
		{4E83FF6D-5CA2-4AAB-8B05-21FDE9A19330}.Debug|Any CPU.ActiveCfg = Debug|Any CPU
		{4E83FF6D-5CA2-4AAB-8B05-21FDE9A19330}.Debug|Any CPU.Build.0 = Debug|Any CPU
		{4E83FF6D-5CA2-4AAB-8B05-21FDE9A19330}.Release|Any CPU.ActiveCfg = Release|Any CPU
		{4E83FF6D-5CA2-4AAB-8B05-21FDE9A19330}.Release|Any CPU.Build.0 = Release|Any CPU
		{5796C57D-869D-4EDC-A1EF-A84B1C69A6C7}.Debug|Any CPU.ActiveCfg = Debug|Any CPU
		{5796C57D-869D-4EDC-A1EF-A84B1C69A6C7}.Debug|Any CPU.Build.0 = Debug|Any CPU
		{5796C57D-869D-4EDC-A1EF-A84B1C69A6C7}.Release|Any CPU.ActiveCfg = Release|Any CPU
		{5796C57D-869D-4EDC-A1EF-A84B1C69A6C7}.Release|Any CPU.Build.0 = Release|Any CPU
		{0DEE82E2-EB8B-4049-B7DE-25877A643347}.Debug|Any CPU.ActiveCfg = Debug|Any CPU
		{0DEE82E2-EB8B-4049-B7DE-25877A643347}.Debug|Any CPU.Build.0 = Debug|Any CPU
		{0DEE82E2-EB8B-4049-B7DE-25877A643347}.Release|Any CPU.ActiveCfg = Release|Any CPU
		{0DEE82E2-EB8B-4049-B7DE-25877A643347}.Release|Any CPU.Build.0 = Release|Any CPU
		{95851505-F670-4282-8DC5-CC81DE6CA3C8}.Debug|Any CPU.ActiveCfg = Debug|Any CPU
		{95851505-F670-4282-8DC5-CC81DE6CA3C8}.Debug|Any CPU.Build.0 = Debug|Any CPU
		{95851505-F670-4282-8DC5-CC81DE6CA3C8}.Release|Any CPU.ActiveCfg = Release|Any CPU
		{95851505-F670-4282-8DC5-CC81DE6CA3C8}.Release|Any CPU.Build.0 = Release|Any CPU
		{892C11F0-320F-4D13-91AE-55D089D32F9D}.Debug|Any CPU.ActiveCfg = Debug|Any CPU
		{892C11F0-320F-4D13-91AE-55D089D32F9D}.Debug|Any CPU.Build.0 = Debug|Any CPU
		{892C11F0-320F-4D13-91AE-55D089D32F9D}.Release|Any CPU.ActiveCfg = Release|Any CPU
		{892C11F0-320F-4D13-91AE-55D089D32F9D}.Release|Any CPU.Build.0 = Release|Any CPU
		{AE72DD44-9CE3-41BE-9C96-1AFC43E9CD32}.Debug|Any CPU.ActiveCfg = Debug|Any CPU
		{AE72DD44-9CE3-41BE-9C96-1AFC43E9CD32}.Debug|Any CPU.Build.0 = Debug|Any CPU
		{AE72DD44-9CE3-41BE-9C96-1AFC43E9CD32}.Release|Any CPU.ActiveCfg = Release|Any CPU
		{AE72DD44-9CE3-41BE-9C96-1AFC43E9CD32}.Release|Any CPU.Build.0 = Release|Any CPU
		{95FAC8B8-45ED-4D21-941A-487AE1E59383}.Debug|Any CPU.ActiveCfg = Debug|Any CPU
		{95FAC8B8-45ED-4D21-941A-487AE1E59383}.Debug|Any CPU.Build.0 = Debug|Any CPU
		{95FAC8B8-45ED-4D21-941A-487AE1E59383}.Release|Any CPU.ActiveCfg = Release|Any CPU
		{95FAC8B8-45ED-4D21-941A-487AE1E59383}.Release|Any CPU.Build.0 = Release|Any CPU
		{A9E39C1E-201D-4C2C-A733-826C06CD4B28}.Debug|Any CPU.ActiveCfg = Debug|Any CPU
		{A9E39C1E-201D-4C2C-A733-826C06CD4B28}.Debug|Any CPU.Build.0 = Debug|Any CPU
		{A9E39C1E-201D-4C2C-A733-826C06CD4B28}.Release|Any CPU.ActiveCfg = Release|Any CPU
		{A9E39C1E-201D-4C2C-A733-826C06CD4B28}.Release|Any CPU.Build.0 = Release|Any CPU
		{91AC5551-3287-48B8-87E8-67465BD7AD27}.Debug|Any CPU.ActiveCfg = Debug|Any CPU
		{91AC5551-3287-48B8-87E8-67465BD7AD27}.Debug|Any CPU.Build.0 = Debug|Any CPU
		{91AC5551-3287-48B8-87E8-67465BD7AD27}.Release|Any CPU.ActiveCfg = Release|Any CPU
		{91AC5551-3287-48B8-87E8-67465BD7AD27}.Release|Any CPU.Build.0 = Release|Any CPU
		{E7DDA2A7-A184-4E05-8AA9-116096B2DEB2}.Debug|Any CPU.ActiveCfg = Debug|Any CPU
		{E7DDA2A7-A184-4E05-8AA9-116096B2DEB2}.Debug|Any CPU.Build.0 = Debug|Any CPU
		{E7DDA2A7-A184-4E05-8AA9-116096B2DEB2}.Release|Any CPU.ActiveCfg = Release|Any CPU
		{E7DDA2A7-A184-4E05-8AA9-116096B2DEB2}.Release|Any CPU.Build.0 = Release|Any CPU
		{3FAE7CC0-6D74-427C-AEF5-1613CF5303F8}.Debug|Any CPU.ActiveCfg = Debug|Any CPU
		{3FAE7CC0-6D74-427C-AEF5-1613CF5303F8}.Debug|Any CPU.Build.0 = Debug|Any CPU
		{3FAE7CC0-6D74-427C-AEF5-1613CF5303F8}.Release|Any CPU.ActiveCfg = Release|Any CPU
		{3FAE7CC0-6D74-427C-AEF5-1613CF5303F8}.Release|Any CPU.Build.0 = Release|Any CPU
		{BE84D7C3-BDB1-401E-A3FF-5EE7EACDA630}.Debug|Any CPU.ActiveCfg = Debug|Any CPU
		{BE84D7C3-BDB1-401E-A3FF-5EE7EACDA630}.Debug|Any CPU.Build.0 = Debug|Any CPU
		{BE84D7C3-BDB1-401E-A3FF-5EE7EACDA630}.Release|Any CPU.ActiveCfg = Release|Any CPU
		{BE84D7C3-BDB1-401E-A3FF-5EE7EACDA630}.Release|Any CPU.Build.0 = Release|Any CPU
		{749AF3DE-6D75-4875-969B-954B59CBE018}.Debug|Any CPU.ActiveCfg = Debug|Any CPU
		{749AF3DE-6D75-4875-969B-954B59CBE018}.Debug|Any CPU.Build.0 = Debug|Any CPU
		{749AF3DE-6D75-4875-969B-954B59CBE018}.Release|Any CPU.ActiveCfg = Release|Any CPU
		{749AF3DE-6D75-4875-969B-954B59CBE018}.Release|Any CPU.Build.0 = Release|Any CPU
		{F77DA5ED-2C81-4F66-824B-39C5F11CE5B4}.Debug|Any CPU.ActiveCfg = Debug|Any CPU
		{F77DA5ED-2C81-4F66-824B-39C5F11CE5B4}.Debug|Any CPU.Build.0 = Debug|Any CPU
		{F77DA5ED-2C81-4F66-824B-39C5F11CE5B4}.Release|Any CPU.ActiveCfg = Release|Any CPU
		{F77DA5ED-2C81-4F66-824B-39C5F11CE5B4}.Release|Any CPU.Build.0 = Release|Any CPU
		{C4B66081-3C8D-4653-AAFF-1E1A825754D5}.Debug|Any CPU.ActiveCfg = Debug|Any CPU
		{C4B66081-3C8D-4653-AAFF-1E1A825754D5}.Debug|Any CPU.Build.0 = Debug|Any CPU
		{C4B66081-3C8D-4653-AAFF-1E1A825754D5}.Release|Any CPU.ActiveCfg = Release|Any CPU
		{C4B66081-3C8D-4653-AAFF-1E1A825754D5}.Release|Any CPU.Build.0 = Release|Any CPU
		{F2048D74-7165-40D1-ABF3-84D7F2910893}.Debug|Any CPU.ActiveCfg = Debug|Any CPU
		{F2048D74-7165-40D1-ABF3-84D7F2910893}.Debug|Any CPU.Build.0 = Debug|Any CPU
		{F2048D74-7165-40D1-ABF3-84D7F2910893}.Release|Any CPU.ActiveCfg = Release|Any CPU
		{F2048D74-7165-40D1-ABF3-84D7F2910893}.Release|Any CPU.Build.0 = Release|Any CPU
		{74B600BB-FF9B-4CB2-999B-31C876D8ED63}.Debug|Any CPU.ActiveCfg = Debug|Any CPU
		{74B600BB-FF9B-4CB2-999B-31C876D8ED63}.Debug|Any CPU.Build.0 = Debug|Any CPU
		{74B600BB-FF9B-4CB2-999B-31C876D8ED63}.Release|Any CPU.ActiveCfg = Release|Any CPU
		{74B600BB-FF9B-4CB2-999B-31C876D8ED63}.Release|Any CPU.Build.0 = Release|Any CPU
		{2CC00359-6135-4A39-AF32-1F1F955D1C72}.Debug|Any CPU.ActiveCfg = Debug|Any CPU
		{2CC00359-6135-4A39-AF32-1F1F955D1C72}.Debug|Any CPU.Build.0 = Debug|Any CPU
		{2CC00359-6135-4A39-AF32-1F1F955D1C72}.Release|Any CPU.ActiveCfg = Release|Any CPU
		{2CC00359-6135-4A39-AF32-1F1F955D1C72}.Release|Any CPU.Build.0 = Release|Any CPU
		{C237458F-1544-4A21-A3E3-EADD67ECB3C7}.Debug|Any CPU.ActiveCfg = Debug|Any CPU
		{C237458F-1544-4A21-A3E3-EADD67ECB3C7}.Debug|Any CPU.Build.0 = Debug|Any CPU
		{C237458F-1544-4A21-A3E3-EADD67ECB3C7}.Release|Any CPU.ActiveCfg = Release|Any CPU
		{C237458F-1544-4A21-A3E3-EADD67ECB3C7}.Release|Any CPU.Build.0 = Release|Any CPU
		{DDC40C71-0631-4ECA-8B55-DB335B26052B}.Debug|Any CPU.ActiveCfg = Debug|Any CPU
		{DDC40C71-0631-4ECA-8B55-DB335B26052B}.Debug|Any CPU.Build.0 = Debug|Any CPU
		{DDC40C71-0631-4ECA-8B55-DB335B26052B}.Release|Any CPU.ActiveCfg = Release|Any CPU
		{DDC40C71-0631-4ECA-8B55-DB335B26052B}.Release|Any CPU.Build.0 = Release|Any CPU
		{C9A88323-1738-4C28-AB02-8621425B6C19}.Debug|Any CPU.ActiveCfg = Debug|Any CPU
		{C9A88323-1738-4C28-AB02-8621425B6C19}.Debug|Any CPU.Build.0 = Debug|Any CPU
		{C9A88323-1738-4C28-AB02-8621425B6C19}.Release|Any CPU.ActiveCfg = Release|Any CPU
		{C9A88323-1738-4C28-AB02-8621425B6C19}.Release|Any CPU.Build.0 = Release|Any CPU
		{E9C9AAB2-BB97-47A9-BB42-E34D29C4DC38}.Debug|Any CPU.ActiveCfg = Debug|Any CPU
		{E9C9AAB2-BB97-47A9-BB42-E34D29C4DC38}.Debug|Any CPU.Build.0 = Debug|Any CPU
		{E9C9AAB2-BB97-47A9-BB42-E34D29C4DC38}.Release|Any CPU.ActiveCfg = Release|Any CPU
		{E9C9AAB2-BB97-47A9-BB42-E34D29C4DC38}.Release|Any CPU.Build.0 = Release|Any CPU
		{DB4913E8-2ECC-42E9-8A46-608ED9A1AF91}.Debug|Any CPU.ActiveCfg = Debug|Any CPU
		{DB4913E8-2ECC-42E9-8A46-608ED9A1AF91}.Debug|Any CPU.Build.0 = Debug|Any CPU
		{DB4913E8-2ECC-42E9-8A46-608ED9A1AF91}.Release|Any CPU.ActiveCfg = Release|Any CPU
		{DB4913E8-2ECC-42E9-8A46-608ED9A1AF91}.Release|Any CPU.Build.0 = Release|Any CPU
		{96B08F70-3626-4620-9299-3E4B18727630}.Debug|Any CPU.ActiveCfg = Debug|Any CPU
		{96B08F70-3626-4620-9299-3E4B18727630}.Debug|Any CPU.Build.0 = Debug|Any CPU
		{96B08F70-3626-4620-9299-3E4B18727630}.Release|Any CPU.ActiveCfg = Release|Any CPU
		{96B08F70-3626-4620-9299-3E4B18727630}.Release|Any CPU.Build.0 = Release|Any CPU
		{34683D4C-82FD-4778-8013-405D993B3B0E}.Debug|Any CPU.ActiveCfg = Debug|Any CPU
		{34683D4C-82FD-4778-8013-405D993B3B0E}.Debug|Any CPU.Build.0 = Debug|Any CPU
		{34683D4C-82FD-4778-8013-405D993B3B0E}.Release|Any CPU.ActiveCfg = Release|Any CPU
		{34683D4C-82FD-4778-8013-405D993B3B0E}.Release|Any CPU.Build.0 = Release|Any CPU
		{50A524F2-C60A-4441-A0B5-47A7733E2B27}.Debug|Any CPU.ActiveCfg = Debug|Any CPU
		{50A524F2-C60A-4441-A0B5-47A7733E2B27}.Debug|Any CPU.Build.0 = Debug|Any CPU
		{50A524F2-C60A-4441-A0B5-47A7733E2B27}.Release|Any CPU.ActiveCfg = Release|Any CPU
		{50A524F2-C60A-4441-A0B5-47A7733E2B27}.Release|Any CPU.Build.0 = Release|Any CPU
		{F44367F3-9D92-42B3-892B-7E462979C4EB}.Debug|Any CPU.ActiveCfg = Debug|Any CPU
		{F44367F3-9D92-42B3-892B-7E462979C4EB}.Debug|Any CPU.Build.0 = Debug|Any CPU
		{F44367F3-9D92-42B3-892B-7E462979C4EB}.Release|Any CPU.ActiveCfg = Release|Any CPU
		{F44367F3-9D92-42B3-892B-7E462979C4EB}.Release|Any CPU.Build.0 = Release|Any CPU
		{EF506AA3-DFA0-4FB6-994A-9AD58439E831}.Debug|Any CPU.ActiveCfg = Debug|Any CPU
		{EF506AA3-DFA0-4FB6-994A-9AD58439E831}.Debug|Any CPU.Build.0 = Debug|Any CPU
		{EF506AA3-DFA0-4FB6-994A-9AD58439E831}.Release|Any CPU.ActiveCfg = Release|Any CPU
		{EF506AA3-DFA0-4FB6-994A-9AD58439E831}.Release|Any CPU.Build.0 = Release|Any CPU
		{70FEBB02-7820-4EB6-BC2D-41A5AFF03D76}.Debug|Any CPU.ActiveCfg = Debug|Any CPU
		{70FEBB02-7820-4EB6-BC2D-41A5AFF03D76}.Debug|Any CPU.Build.0 = Debug|Any CPU
		{70FEBB02-7820-4EB6-BC2D-41A5AFF03D76}.Release|Any CPU.ActiveCfg = Release|Any CPU
		{70FEBB02-7820-4EB6-BC2D-41A5AFF03D76}.Release|Any CPU.Build.0 = Release|Any CPU
	EndGlobalSection
	GlobalSection(SolutionProperties) = preSolution
		HideSolutionNode = FALSE
	EndGlobalSection
	GlobalSection(NestedProjects) = preSolution
		{4E83FF6D-5CA2-4AAB-8B05-21FDE9A19330} = {FDCA3ECD-C0AF-4AA5-A4BE-9A00316150B3}
		{5796C57D-869D-4EDC-A1EF-A84B1C69A6C7} = {FDCA3ECD-C0AF-4AA5-A4BE-9A00316150B3}
		{0DEE82E2-EB8B-4049-B7DE-25877A643347} = {FDCA3ECD-C0AF-4AA5-A4BE-9A00316150B3}
		{95851505-F670-4282-8DC5-CC81DE6CA3C8} = {FDCA3ECD-C0AF-4AA5-A4BE-9A00316150B3}
		{892C11F0-320F-4D13-91AE-55D089D32F9D} = {7F4EF6CF-7AB7-4F00-A7C2-7B2507C911C9}
		{AE72DD44-9CE3-41BE-9C96-1AFC43E9CD32} = {7F4EF6CF-7AB7-4F00-A7C2-7B2507C911C9}
		{95FAC8B8-45ED-4D21-941A-487AE1E59383} = {FDCA3ECD-C0AF-4AA5-A4BE-9A00316150B3}
		{A9E39C1E-201D-4C2C-A733-826C06CD4B28} = {7F4EF6CF-7AB7-4F00-A7C2-7B2507C911C9}
		{91AC5551-3287-48B8-87E8-67465BD7AD27} = {FDCA3ECD-C0AF-4AA5-A4BE-9A00316150B3}
		{E7DDA2A7-A184-4E05-8AA9-116096B2DEB2} = {FDCA3ECD-C0AF-4AA5-A4BE-9A00316150B3}
		{3FAE7CC0-6D74-427C-AEF5-1613CF5303F8} = {FDCA3ECD-C0AF-4AA5-A4BE-9A00316150B3}
		{BE84D7C3-BDB1-401E-A3FF-5EE7EACDA630} = {FDCA3ECD-C0AF-4AA5-A4BE-9A00316150B3}
		{749AF3DE-6D75-4875-969B-954B59CBE018} = {7F4EF6CF-7AB7-4F00-A7C2-7B2507C911C9}
		{F77DA5ED-2C81-4F66-824B-39C5F11CE5B4} = {104A5A45-ADDB-4186-B52A-0FE545088349}
		{C4B66081-3C8D-4653-AAFF-1E1A825754D5} = {104A5A45-ADDB-4186-B52A-0FE545088349}
		{F2048D74-7165-40D1-ABF3-84D7F2910893} = {104A5A45-ADDB-4186-B52A-0FE545088349}
		{74B600BB-FF9B-4CB2-999B-31C876D8ED63} = {7F4EF6CF-7AB7-4F00-A7C2-7B2507C911C9}
		{2CC00359-6135-4A39-AF32-1F1F955D1C72} = {104A5A45-ADDB-4186-B52A-0FE545088349}
		{C237458F-1544-4A21-A3E3-EADD67ECB3C7} = {104A5A45-ADDB-4186-B52A-0FE545088349}
		{DDC40C71-0631-4ECA-8B55-DB335B26052B} = {104A5A45-ADDB-4186-B52A-0FE545088349}
		{C9A88323-1738-4C28-AB02-8621425B6C19} = {FDCA3ECD-C0AF-4AA5-A4BE-9A00316150B3}
		{E9C9AAB2-BB97-47A9-BB42-E34D29C4DC38} = {FDCA3ECD-C0AF-4AA5-A4BE-9A00316150B3}
		{DB4913E8-2ECC-42E9-8A46-608ED9A1AF91} = {FDCA3ECD-C0AF-4AA5-A4BE-9A00316150B3}
		{96B08F70-3626-4620-9299-3E4B18727630} = {FDCA3ECD-C0AF-4AA5-A4BE-9A00316150B3}
		{34683D4C-82FD-4778-8013-405D993B3B0E} = {7F4EF6CF-7AB7-4F00-A7C2-7B2507C911C9}
		{50A524F2-C60A-4441-A0B5-47A7733E2B27} = {7F4EF6CF-7AB7-4F00-A7C2-7B2507C911C9}
		{F44367F3-9D92-42B3-892B-7E462979C4EB} = {7F4EF6CF-7AB7-4F00-A7C2-7B2507C911C9}
		{EF506AA3-DFA0-4FB6-994A-9AD58439E831} = {7F4EF6CF-7AB7-4F00-A7C2-7B2507C911C9}
		{70FEBB02-7820-4EB6-BC2D-41A5AFF03D76} = {FDCA3ECD-C0AF-4AA5-A4BE-9A00316150B3}
	EndGlobalSection
EndGlobal
