
Microsoft Visual Studio Solution File, Format Version 12.00
# Visual Studio 14
VisualStudioVersion = 14.0.23107.0
MinimumVisualStudioVersion = 10.0.40219.1
Project("{2150E333-8FDC-42A3-9474-1A3956D46DE8}") = "Components", "Components", "{46823F85-8B9F-4B9D-A96F-28433F6004A8}"
EndProject
Project("{2150E333-8FDC-42A3-9474-1A3956D46DE8}") = "Tests", "Tests", "{6DAF5C7D-86FE-4B82-9CAF-2233F9D7A07F}"
EndProject
Project("{2150E333-8FDC-42A3-9474-1A3956D46DE8}") = "Solution Items", "Solution Items", "{A0BA381B-4922-479B-8533-83EE49C0E332}"
EndProject
Project("{2150E333-8FDC-42A3-9474-1A3956D46DE8}") = "Layers", "Layers", "{C2E186C7-8A83-4D5D-9C45-FEB719B00258}"
EndProject
Project("{2150E333-8FDC-42A3-9474-1A3956D46DE8}") = "FileLayer", "FileLayer", "{6F376C0C-CB8E-47A2-B880-E10467721171}"
EndProject
Project("{2150E333-8FDC-42A3-9474-1A3956D46DE8}") = ".nuget", ".nuget", "{9E2BB3BE-AA4F-4E62-A08B-1ECFD3819954}"
	ProjectSection(SolutionItems) = preProject
		.nuget\NuGet.Config = .nuget\NuGet.Config
		.nuget\NuGet.exe = .nuget\NuGet.exe
		.nuget\NuGet.targets = .nuget\NuGet.targets
	EndProjectSection
EndProject
Project("{2150E333-8FDC-42A3-9474-1A3956D46DE8}") = "ConfigFilesFor.Tests", "ConfigFilesFor.Tests", "{1F6DC2E4-F3AA-463E-8A69-E78AD112CB36}"
	ProjectSection(SolutionItems) = preProject
		ConfigFilesFor.Tests\ConfigReaderTest.config = ConfigFilesFor.Tests\ConfigReaderTest.config
	EndProjectSection
EndProject
Project("{FAE04EC0-301F-11D3-BF4B-00C04F79EFBC}") = "Common", "Components\Common\Common.csproj", "{F7CE969C-81D6-465F-A2D9-8811E4C50CF0}"
EndProject
Project("{FAE04EC0-301F-11D3-BF4B-00C04F79EFBC}") = "TestHelpers", "Tests\TestHelpers\TestHelpers.csproj", "{2D82EF2E-CF63-4461-9DCF-1D40616EB15D}"
EndProject
Project("{FAE04EC0-301F-11D3-BF4B-00C04F79EFBC}") = "VirtualFileProvider.Tests", "Tests\VirtualFileProvider.Tests\VirtualFileProvider.Tests.csproj", "{51DD695B-824C-42D2-8301-CB0BFA235E90}"
EndProject
Project("{FAE04EC0-301F-11D3-BF4B-00C04F79EFBC}") = "FLUXMVC.Tests", "Tests\FLUXMVC.Tests\FLUXMVC.Tests.csproj", "{6BC236CE-CFB8-4B1E-B649-4A0A1721071A}"
EndProject
Project("{FAE04EC0-301F-11D3-BF4B-00C04F79EFBC}") = "ExtractionLayerProcessorTests", "Tests\ExtractionLayerProcessorTests\ExtractionLayerProcessorTests.csproj", "{6254278D-52F8-4766-882D-E001984DE297}"
EndProject
Project("{FAE04EC0-301F-11D3-BF4B-00C04F79EFBC}") = "FileStructureDataExtraction.Tests", "FileStructureDataExtraction.Tests\FileStructureDataExtraction.Tests.csproj", "{35FEEE30-36D6-4AD2-8ABB-F3237011D174}"
EndProject
Project("{FAE04EC0-301F-11D3-BF4B-00C04F79EFBC}") = "FLUX.Configuration", "FLUX.Configuration\FLUX.Configuration.csproj", "{D98DE674-9918-4FCC-8A0F-BBC73570F60B}"
EndProject
Project("{FAE04EC0-301F-11D3-BF4B-00C04F79EFBC}") = "FLUX.Interfaces", "FLUX.Interfaces\FLUX.Interfaces.csproj", "{A99B5C20-6F46-477D-84B2-06FD51538259}"
EndProject
Project("{FAE04EC0-301F-11D3-BF4B-00C04F79EFBC}") = "Extension.Configuration", "Extension.Configuration\Extension.Configuration.csproj", "{2A1184EB-1625-4549-B748-17A7140E69CB}"
EndProject
Project("{FAE04EC0-301F-11D3-BF4B-00C04F79EFBC}") = "FLUX.Configuration.Tests", "FLUX.Configuration.Tests\FLUX.Configuration.Tests.csproj", "{9B0F2C72-65F7-4CFE-8E65-F251F57D3938}"
EndProject
Project("{FAE04EC0-301F-11D3-BF4B-00C04F79EFBC}") = "Extension.Test", "Extension.Test\Extension.Test.csproj", "{644063E5-9894-45B0-BD0D-B7574846BAC8}"
EndProject
Project("{FAE04EC0-301F-11D3-BF4B-00C04F79EFBC}") = "Extension.IEnumerable", "Extension.IEnumerable\Extension.IEnumerable.csproj", "{F1011B36-7BE8-421C-8710-6C984ED7F6BB}"
EndProject
Project("{FAE04EC0-301F-11D3-BF4B-00C04F79EFBC}") = "Extraction.Base", "Extraction.Base\Extraction.Base.csproj", "{22CE846D-8342-45E7-BEE7-531EEF54CC34}"
EndProject
Project("{FAE04EC0-301F-11D3-BF4B-00C04F79EFBC}") = "Extraction.Interfaces", "Extraction.Interfaces\Extraction.Interfaces.csproj", "{E9D82E8B-F60E-4805-888D-47EEA0D85E5E}"
EndProject
Project("{FAE04EC0-301F-11D3-BF4B-00C04F79EFBC}") = "Extraction.Layer.File", "Extraction.Layer.File\Extraction.Layer.File.csproj", "{62F93C06-B607-4499-AD10-70A57843B4A2}"
EndProject
Project("{FAE04EC0-301F-11D3-BF4B-00C04F79EFBC}") = "Extraction.Layer.Tag", "Extraction.Layer.Tag\Extraction.Layer.Tag.csproj", "{F6BDF982-28FB-45DA-BC0A-EDE2ADFD04C7}"
EndProject
Project("{FAE04EC0-301F-11D3-BF4B-00C04F79EFBC}") = "Extension.TagProcessing", "Extension.TagProcessing\Extension.TagProcessing.csproj", "{78FB4A5D-C50C-410C-9B08-73717CF2564F}"
EndProject
Project("{FAE04EC0-301F-11D3-BF4B-00C04F79EFBC}") = "Extension.Tree", "Extension.Tree\Extension.Tree.csproj", "{8943B9F4-90B2-41C0-BB99-1AA956F70A90}"
EndProject
Project("{FAE04EC0-301F-11D3-BF4B-00C04F79EFBC}") = "Extension.Helper", "Extension.Helper\Extension.Helper.csproj", "{F4BDCA23-852D-4548-91E7-BF340202DD3D}"
EndProject
Project("{FAE04EC0-301F-11D3-BF4B-00C04F79EFBC}") = "Extraction.DomainObjects", "Extraction.DomainObjects\Extraction.DomainObjects.csproj", "{F6FE94A3-BEA4-411C-ABC9-A9DFEC32760B}"
EndProject
Project("{FAE04EC0-301F-11D3-BF4B-00C04F79EFBC}") = "FLUX.Web.MVC", "FLUX.Web.MVC\FLUX.Web.MVC.csproj", "{8816C617-6FED-4BFA-8DE0-F36D306C5EED}"
EndProject
Project("{FAE04EC0-301F-11D3-BF4B-00C04F79EFBC}") = "FLUX.Web.MVC.Tests", "FLUX.Web.MVC.Tests\FLUX.Web.MVC.Tests.csproj", "{55015D26-6A55-437F-9FCE-8E2F59781510}"
EndProject
Project("{FAE04EC0-301F-11D3-BF4B-00C04F79EFBC}") = "DataAccess.Interfaces", "DataAccess.Interfaces\DataAccess.Interfaces.csproj", "{A0437D38-57DD-4EF8-ADF7-822F42598117}"
EndProject
Project("{FAE04EC0-301F-11D3-BF4B-00C04F79EFBC}") = "DataAccess.Base", "DataAccess.Base\DataAccess.Base.csproj", "{B38C55EA-35BD-4D9D-AFD5-BCC7A466C961}"
EndProject
Project("{FAE04EC0-301F-11D3-BF4B-00C04F79EFBC}") = "DataAccess.FileSystem", "DataAccess.FileSystem\DataAccess.FileSystem.csproj", "{E153BD44-B091-4CBE-8FFA-E3FED27B1AC4}"
EndProject
Project("{FAE04EC0-301F-11D3-BF4B-00C04F79EFBC}") = "DataAccess.Tests", "DataAccess.Tests\DataAccess.Tests.csproj", "{10920C4B-34C5-4552-B58A-63FB9663A5F9}"
EndProject
Project("{FAE04EC0-301F-11D3-BF4B-00C04F79EFBC}") = "DataAccess.XMLStub", "DataAccess.XMLStub\DataAccess.XMLStub.csproj", "{B3E43E36-144F-46E6-A07C-7E2F976B6EA3}"
EndProject
Project("{FAE04EC0-301F-11D3-BF4B-00C04F79EFBC}") = "TestResources", "TestResources\TestResources.csproj", "{08286663-7997-483A-A8EF-72DDFD2B6C77}"
EndProject
Project("{FAE04EC0-301F-11D3-BF4B-00C04F79EFBC}") = "FLUX.Web.Logic", "FLUX.Web.Logic\FLUX.Web.Logic.csproj", "{5E23686A-677E-4823-A088-006FC6BC9494}"
EndProject
Project("{FAE04EC0-301F-11D3-BF4B-00C04F79EFBC}") = "FLUX.DomainObjects", "FLUX.DomainObjects\FLUX.DomainObjects.csproj", "{25FB8F21-2C53-4AE7-9943-B15420DA4086}"
EndProject
Project("{FAE04EC0-301F-11D3-BF4B-00C04F79EFBC}") = "FLUX.Web.Logic.Tests", "FLUX.Web.Logic.Tests\FLUX.Web.Logic.Tests.csproj", "{75D001DF-4D8E-46D9-84EB-2247A0404A19}"
EndProject
Global
	GlobalSection(SolutionConfigurationPlatforms) = preSolution
		Debug|Any CPU = Debug|Any CPU
		Debug|Mixed Platforms = Debug|Mixed Platforms
		Debug|Win32 = Debug|Win32
		Debug|x86 = Debug|x86
		Release|Any CPU = Release|Any CPU
		Release|Mixed Platforms = Release|Mixed Platforms
		Release|Win32 = Release|Win32
		Release|x86 = Release|x86
	EndGlobalSection
	GlobalSection(ProjectConfigurationPlatforms) = postSolution
		{F7CE969C-81D6-465F-A2D9-8811E4C50CF0}.Debug|Any CPU.ActiveCfg = Debug|Any CPU
		{F7CE969C-81D6-465F-A2D9-8811E4C50CF0}.Debug|Any CPU.Build.0 = Debug|Any CPU
		{F7CE969C-81D6-465F-A2D9-8811E4C50CF0}.Debug|Mixed Platforms.ActiveCfg = Debug|Any CPU
		{F7CE969C-81D6-465F-A2D9-8811E4C50CF0}.Debug|Mixed Platforms.Build.0 = Debug|Any CPU
		{F7CE969C-81D6-465F-A2D9-8811E4C50CF0}.Debug|Win32.ActiveCfg = Debug|Any CPU
		{F7CE969C-81D6-465F-A2D9-8811E4C50CF0}.Debug|x86.ActiveCfg = Debug|Any CPU
		{F7CE969C-81D6-465F-A2D9-8811E4C50CF0}.Release|Any CPU.ActiveCfg = Release|Any CPU
		{F7CE969C-81D6-465F-A2D9-8811E4C50CF0}.Release|Any CPU.Build.0 = Release|Any CPU
		{F7CE969C-81D6-465F-A2D9-8811E4C50CF0}.Release|Mixed Platforms.ActiveCfg = Release|Any CPU
		{F7CE969C-81D6-465F-A2D9-8811E4C50CF0}.Release|Mixed Platforms.Build.0 = Release|Any CPU
		{F7CE969C-81D6-465F-A2D9-8811E4C50CF0}.Release|Win32.ActiveCfg = Release|Any CPU
		{F7CE969C-81D6-465F-A2D9-8811E4C50CF0}.Release|x86.ActiveCfg = Release|Any CPU
		{2D82EF2E-CF63-4461-9DCF-1D40616EB15D}.Debug|Any CPU.ActiveCfg = Debug|Any CPU
		{2D82EF2E-CF63-4461-9DCF-1D40616EB15D}.Debug|Any CPU.Build.0 = Debug|Any CPU
		{2D82EF2E-CF63-4461-9DCF-1D40616EB15D}.Debug|Mixed Platforms.ActiveCfg = Debug|Any CPU
		{2D82EF2E-CF63-4461-9DCF-1D40616EB15D}.Debug|Mixed Platforms.Build.0 = Debug|Any CPU
		{2D82EF2E-CF63-4461-9DCF-1D40616EB15D}.Debug|Win32.ActiveCfg = Debug|Any CPU
		{2D82EF2E-CF63-4461-9DCF-1D40616EB15D}.Debug|x86.ActiveCfg = Debug|Any CPU
		{2D82EF2E-CF63-4461-9DCF-1D40616EB15D}.Release|Any CPU.ActiveCfg = Release|Any CPU
		{2D82EF2E-CF63-4461-9DCF-1D40616EB15D}.Release|Any CPU.Build.0 = Release|Any CPU
		{2D82EF2E-CF63-4461-9DCF-1D40616EB15D}.Release|Mixed Platforms.ActiveCfg = Release|Any CPU
		{2D82EF2E-CF63-4461-9DCF-1D40616EB15D}.Release|Mixed Platforms.Build.0 = Release|Any CPU
		{2D82EF2E-CF63-4461-9DCF-1D40616EB15D}.Release|Win32.ActiveCfg = Release|Any CPU
		{2D82EF2E-CF63-4461-9DCF-1D40616EB15D}.Release|x86.ActiveCfg = Release|Any CPU
		{51DD695B-824C-42D2-8301-CB0BFA235E90}.Debug|Any CPU.ActiveCfg = Debug|Any CPU
		{51DD695B-824C-42D2-8301-CB0BFA235E90}.Debug|Any CPU.Build.0 = Debug|Any CPU
		{51DD695B-824C-42D2-8301-CB0BFA235E90}.Debug|Mixed Platforms.ActiveCfg = Debug|Any CPU
		{51DD695B-824C-42D2-8301-CB0BFA235E90}.Debug|Mixed Platforms.Build.0 = Debug|Any CPU
		{51DD695B-824C-42D2-8301-CB0BFA235E90}.Debug|Win32.ActiveCfg = Debug|Any CPU
		{51DD695B-824C-42D2-8301-CB0BFA235E90}.Debug|x86.ActiveCfg = Debug|Any CPU
		{51DD695B-824C-42D2-8301-CB0BFA235E90}.Release|Any CPU.ActiveCfg = Release|Any CPU
		{51DD695B-824C-42D2-8301-CB0BFA235E90}.Release|Any CPU.Build.0 = Release|Any CPU
		{51DD695B-824C-42D2-8301-CB0BFA235E90}.Release|Mixed Platforms.ActiveCfg = Release|Any CPU
		{51DD695B-824C-42D2-8301-CB0BFA235E90}.Release|Mixed Platforms.Build.0 = Release|Any CPU
		{51DD695B-824C-42D2-8301-CB0BFA235E90}.Release|Win32.ActiveCfg = Release|Any CPU
		{51DD695B-824C-42D2-8301-CB0BFA235E90}.Release|x86.ActiveCfg = Release|Any CPU
		{6BC236CE-CFB8-4B1E-B649-4A0A1721071A}.Debug|Any CPU.ActiveCfg = Debug|Any CPU
		{6BC236CE-CFB8-4B1E-B649-4A0A1721071A}.Debug|Any CPU.Build.0 = Debug|Any CPU
		{6BC236CE-CFB8-4B1E-B649-4A0A1721071A}.Debug|Mixed Platforms.ActiveCfg = Debug|Any CPU
		{6BC236CE-CFB8-4B1E-B649-4A0A1721071A}.Debug|Mixed Platforms.Build.0 = Debug|Any CPU
		{6BC236CE-CFB8-4B1E-B649-4A0A1721071A}.Debug|Win32.ActiveCfg = Debug|Any CPU
		{6BC236CE-CFB8-4B1E-B649-4A0A1721071A}.Debug|x86.ActiveCfg = Debug|Any CPU
		{6BC236CE-CFB8-4B1E-B649-4A0A1721071A}.Release|Any CPU.ActiveCfg = Release|Any CPU
		{6BC236CE-CFB8-4B1E-B649-4A0A1721071A}.Release|Any CPU.Build.0 = Release|Any CPU
		{6BC236CE-CFB8-4B1E-B649-4A0A1721071A}.Release|Mixed Platforms.ActiveCfg = Release|Any CPU
		{6BC236CE-CFB8-4B1E-B649-4A0A1721071A}.Release|Mixed Platforms.Build.0 = Release|Any CPU
		{6BC236CE-CFB8-4B1E-B649-4A0A1721071A}.Release|Win32.ActiveCfg = Release|Any CPU
		{6BC236CE-CFB8-4B1E-B649-4A0A1721071A}.Release|x86.ActiveCfg = Release|Any CPU
		{6254278D-52F8-4766-882D-E001984DE297}.Debug|Any CPU.ActiveCfg = Debug|Any CPU
		{6254278D-52F8-4766-882D-E001984DE297}.Debug|Any CPU.Build.0 = Debug|Any CPU
		{6254278D-52F8-4766-882D-E001984DE297}.Debug|Mixed Platforms.ActiveCfg = Debug|Any CPU
		{6254278D-52F8-4766-882D-E001984DE297}.Debug|Mixed Platforms.Build.0 = Debug|Any CPU
		{6254278D-52F8-4766-882D-E001984DE297}.Debug|Win32.ActiveCfg = Debug|Any CPU
		{6254278D-52F8-4766-882D-E001984DE297}.Debug|x86.ActiveCfg = Debug|Any CPU
		{6254278D-52F8-4766-882D-E001984DE297}.Release|Any CPU.ActiveCfg = Release|Any CPU
		{6254278D-52F8-4766-882D-E001984DE297}.Release|Any CPU.Build.0 = Release|Any CPU
		{6254278D-52F8-4766-882D-E001984DE297}.Release|Mixed Platforms.ActiveCfg = Release|Any CPU
		{6254278D-52F8-4766-882D-E001984DE297}.Release|Mixed Platforms.Build.0 = Release|Any CPU
		{6254278D-52F8-4766-882D-E001984DE297}.Release|Win32.ActiveCfg = Release|Any CPU
		{6254278D-52F8-4766-882D-E001984DE297}.Release|x86.ActiveCfg = Release|Any CPU
		{35FEEE30-36D6-4AD2-8ABB-F3237011D174}.Debug|Any CPU.ActiveCfg = Debug|Any CPU
		{35FEEE30-36D6-4AD2-8ABB-F3237011D174}.Debug|Any CPU.Build.0 = Debug|Any CPU
		{35FEEE30-36D6-4AD2-8ABB-F3237011D174}.Debug|Mixed Platforms.ActiveCfg = Debug|Any CPU
		{35FEEE30-36D6-4AD2-8ABB-F3237011D174}.Debug|Mixed Platforms.Build.0 = Debug|Any CPU
		{35FEEE30-36D6-4AD2-8ABB-F3237011D174}.Debug|Win32.ActiveCfg = Debug|Any CPU
		{35FEEE30-36D6-4AD2-8ABB-F3237011D174}.Debug|x86.ActiveCfg = Debug|Any CPU
		{35FEEE30-36D6-4AD2-8ABB-F3237011D174}.Release|Any CPU.ActiveCfg = Release|Any CPU
		{35FEEE30-36D6-4AD2-8ABB-F3237011D174}.Release|Any CPU.Build.0 = Release|Any CPU
		{35FEEE30-36D6-4AD2-8ABB-F3237011D174}.Release|Mixed Platforms.ActiveCfg = Release|Any CPU
		{35FEEE30-36D6-4AD2-8ABB-F3237011D174}.Release|Mixed Platforms.Build.0 = Release|Any CPU
		{35FEEE30-36D6-4AD2-8ABB-F3237011D174}.Release|Win32.ActiveCfg = Release|Any CPU
		{35FEEE30-36D6-4AD2-8ABB-F3237011D174}.Release|x86.ActiveCfg = Release|Any CPU
		{D98DE674-9918-4FCC-8A0F-BBC73570F60B}.Debug|Any CPU.ActiveCfg = Debug|Any CPU
		{D98DE674-9918-4FCC-8A0F-BBC73570F60B}.Debug|Any CPU.Build.0 = Debug|Any CPU
		{D98DE674-9918-4FCC-8A0F-BBC73570F60B}.Debug|Mixed Platforms.ActiveCfg = Debug|Any CPU
		{D98DE674-9918-4FCC-8A0F-BBC73570F60B}.Debug|Mixed Platforms.Build.0 = Debug|Any CPU
		{D98DE674-9918-4FCC-8A0F-BBC73570F60B}.Debug|Win32.ActiveCfg = Debug|Any CPU
		{D98DE674-9918-4FCC-8A0F-BBC73570F60B}.Debug|x86.ActiveCfg = Debug|Any CPU
		{D98DE674-9918-4FCC-8A0F-BBC73570F60B}.Release|Any CPU.ActiveCfg = Release|Any CPU
		{D98DE674-9918-4FCC-8A0F-BBC73570F60B}.Release|Any CPU.Build.0 = Release|Any CPU
		{D98DE674-9918-4FCC-8A0F-BBC73570F60B}.Release|Mixed Platforms.ActiveCfg = Release|Any CPU
		{D98DE674-9918-4FCC-8A0F-BBC73570F60B}.Release|Mixed Platforms.Build.0 = Release|Any CPU
		{D98DE674-9918-4FCC-8A0F-BBC73570F60B}.Release|Win32.ActiveCfg = Release|Any CPU
		{D98DE674-9918-4FCC-8A0F-BBC73570F60B}.Release|x86.ActiveCfg = Release|Any CPU
		{A99B5C20-6F46-477D-84B2-06FD51538259}.Debug|Any CPU.ActiveCfg = Debug|Any CPU
		{A99B5C20-6F46-477D-84B2-06FD51538259}.Debug|Any CPU.Build.0 = Debug|Any CPU
		{A99B5C20-6F46-477D-84B2-06FD51538259}.Debug|Mixed Platforms.ActiveCfg = Debug|Any CPU
		{A99B5C20-6F46-477D-84B2-06FD51538259}.Debug|Mixed Platforms.Build.0 = Debug|Any CPU
		{A99B5C20-6F46-477D-84B2-06FD51538259}.Debug|Win32.ActiveCfg = Debug|Any CPU
		{A99B5C20-6F46-477D-84B2-06FD51538259}.Debug|x86.ActiveCfg = Debug|Any CPU
		{A99B5C20-6F46-477D-84B2-06FD51538259}.Release|Any CPU.ActiveCfg = Release|Any CPU
		{A99B5C20-6F46-477D-84B2-06FD51538259}.Release|Any CPU.Build.0 = Release|Any CPU
		{A99B5C20-6F46-477D-84B2-06FD51538259}.Release|Mixed Platforms.ActiveCfg = Release|Any CPU
		{A99B5C20-6F46-477D-84B2-06FD51538259}.Release|Mixed Platforms.Build.0 = Release|Any CPU
		{A99B5C20-6F46-477D-84B2-06FD51538259}.Release|Win32.ActiveCfg = Release|Any CPU
		{A99B5C20-6F46-477D-84B2-06FD51538259}.Release|x86.ActiveCfg = Release|Any CPU
		{2A1184EB-1625-4549-B748-17A7140E69CB}.Debug|Any CPU.ActiveCfg = Debug|Any CPU
		{2A1184EB-1625-4549-B748-17A7140E69CB}.Debug|Any CPU.Build.0 = Debug|Any CPU
		{2A1184EB-1625-4549-B748-17A7140E69CB}.Debug|Mixed Platforms.ActiveCfg = Debug|Any CPU
		{2A1184EB-1625-4549-B748-17A7140E69CB}.Debug|Mixed Platforms.Build.0 = Debug|Any CPU
		{2A1184EB-1625-4549-B748-17A7140E69CB}.Debug|Win32.ActiveCfg = Debug|Any CPU
		{2A1184EB-1625-4549-B748-17A7140E69CB}.Debug|x86.ActiveCfg = Debug|Any CPU
		{2A1184EB-1625-4549-B748-17A7140E69CB}.Release|Any CPU.ActiveCfg = Release|Any CPU
		{2A1184EB-1625-4549-B748-17A7140E69CB}.Release|Any CPU.Build.0 = Release|Any CPU
		{2A1184EB-1625-4549-B748-17A7140E69CB}.Release|Mixed Platforms.ActiveCfg = Release|Any CPU
		{2A1184EB-1625-4549-B748-17A7140E69CB}.Release|Mixed Platforms.Build.0 = Release|Any CPU
		{2A1184EB-1625-4549-B748-17A7140E69CB}.Release|Win32.ActiveCfg = Release|Any CPU
		{2A1184EB-1625-4549-B748-17A7140E69CB}.Release|x86.ActiveCfg = Release|Any CPU
		{9B0F2C72-65F7-4CFE-8E65-F251F57D3938}.Debug|Any CPU.ActiveCfg = Debug|Any CPU
		{9B0F2C72-65F7-4CFE-8E65-F251F57D3938}.Debug|Any CPU.Build.0 = Debug|Any CPU
		{9B0F2C72-65F7-4CFE-8E65-F251F57D3938}.Debug|Mixed Platforms.ActiveCfg = Debug|Any CPU
		{9B0F2C72-65F7-4CFE-8E65-F251F57D3938}.Debug|Mixed Platforms.Build.0 = Debug|Any CPU
		{9B0F2C72-65F7-4CFE-8E65-F251F57D3938}.Debug|Win32.ActiveCfg = Debug|Any CPU
		{9B0F2C72-65F7-4CFE-8E65-F251F57D3938}.Debug|x86.ActiveCfg = Debug|Any CPU
		{9B0F2C72-65F7-4CFE-8E65-F251F57D3938}.Release|Any CPU.ActiveCfg = Release|Any CPU
		{9B0F2C72-65F7-4CFE-8E65-F251F57D3938}.Release|Any CPU.Build.0 = Release|Any CPU
		{9B0F2C72-65F7-4CFE-8E65-F251F57D3938}.Release|Mixed Platforms.ActiveCfg = Release|Any CPU
		{9B0F2C72-65F7-4CFE-8E65-F251F57D3938}.Release|Mixed Platforms.Build.0 = Release|Any CPU
		{9B0F2C72-65F7-4CFE-8E65-F251F57D3938}.Release|Win32.ActiveCfg = Release|Any CPU
		{9B0F2C72-65F7-4CFE-8E65-F251F57D3938}.Release|x86.ActiveCfg = Release|Any CPU
		{644063E5-9894-45B0-BD0D-B7574846BAC8}.Debug|Any CPU.ActiveCfg = Debug|Any CPU
		{644063E5-9894-45B0-BD0D-B7574846BAC8}.Debug|Any CPU.Build.0 = Debug|Any CPU
		{644063E5-9894-45B0-BD0D-B7574846BAC8}.Debug|Mixed Platforms.ActiveCfg = Debug|Any CPU
		{644063E5-9894-45B0-BD0D-B7574846BAC8}.Debug|Mixed Platforms.Build.0 = Debug|Any CPU
		{644063E5-9894-45B0-BD0D-B7574846BAC8}.Debug|Win32.ActiveCfg = Debug|Any CPU
		{644063E5-9894-45B0-BD0D-B7574846BAC8}.Debug|x86.ActiveCfg = Debug|Any CPU
		{644063E5-9894-45B0-BD0D-B7574846BAC8}.Release|Any CPU.ActiveCfg = Release|Any CPU
		{644063E5-9894-45B0-BD0D-B7574846BAC8}.Release|Any CPU.Build.0 = Release|Any CPU
		{644063E5-9894-45B0-BD0D-B7574846BAC8}.Release|Mixed Platforms.ActiveCfg = Release|Any CPU
		{644063E5-9894-45B0-BD0D-B7574846BAC8}.Release|Mixed Platforms.Build.0 = Release|Any CPU
		{644063E5-9894-45B0-BD0D-B7574846BAC8}.Release|Win32.ActiveCfg = Release|Any CPU
		{644063E5-9894-45B0-BD0D-B7574846BAC8}.Release|x86.ActiveCfg = Release|Any CPU
		{F1011B36-7BE8-421C-8710-6C984ED7F6BB}.Debug|Any CPU.ActiveCfg = Debug|Any CPU
		{F1011B36-7BE8-421C-8710-6C984ED7F6BB}.Debug|Any CPU.Build.0 = Debug|Any CPU
		{F1011B36-7BE8-421C-8710-6C984ED7F6BB}.Debug|Mixed Platforms.ActiveCfg = Debug|Any CPU
		{F1011B36-7BE8-421C-8710-6C984ED7F6BB}.Debug|Mixed Platforms.Build.0 = Debug|Any CPU
		{F1011B36-7BE8-421C-8710-6C984ED7F6BB}.Debug|Win32.ActiveCfg = Debug|Any CPU
		{F1011B36-7BE8-421C-8710-6C984ED7F6BB}.Debug|x86.ActiveCfg = Debug|Any CPU
		{F1011B36-7BE8-421C-8710-6C984ED7F6BB}.Release|Any CPU.ActiveCfg = Release|Any CPU
		{F1011B36-7BE8-421C-8710-6C984ED7F6BB}.Release|Any CPU.Build.0 = Release|Any CPU
		{F1011B36-7BE8-421C-8710-6C984ED7F6BB}.Release|Mixed Platforms.ActiveCfg = Release|Any CPU
		{F1011B36-7BE8-421C-8710-6C984ED7F6BB}.Release|Mixed Platforms.Build.0 = Release|Any CPU
		{F1011B36-7BE8-421C-8710-6C984ED7F6BB}.Release|Win32.ActiveCfg = Release|Any CPU
		{F1011B36-7BE8-421C-8710-6C984ED7F6BB}.Release|x86.ActiveCfg = Release|Any CPU
		{22CE846D-8342-45E7-BEE7-531EEF54CC34}.Debug|Any CPU.ActiveCfg = Debug|Any CPU
		{22CE846D-8342-45E7-BEE7-531EEF54CC34}.Debug|Any CPU.Build.0 = Debug|Any CPU
		{22CE846D-8342-45E7-BEE7-531EEF54CC34}.Debug|Mixed Platforms.ActiveCfg = Debug|Any CPU
		{22CE846D-8342-45E7-BEE7-531EEF54CC34}.Debug|Mixed Platforms.Build.0 = Debug|Any CPU
		{22CE846D-8342-45E7-BEE7-531EEF54CC34}.Debug|Win32.ActiveCfg = Debug|Any CPU
		{22CE846D-8342-45E7-BEE7-531EEF54CC34}.Debug|x86.ActiveCfg = Debug|Any CPU
		{22CE846D-8342-45E7-BEE7-531EEF54CC34}.Release|Any CPU.ActiveCfg = Release|Any CPU
		{22CE846D-8342-45E7-BEE7-531EEF54CC34}.Release|Any CPU.Build.0 = Release|Any CPU
		{22CE846D-8342-45E7-BEE7-531EEF54CC34}.Release|Mixed Platforms.ActiveCfg = Release|Any CPU
		{22CE846D-8342-45E7-BEE7-531EEF54CC34}.Release|Mixed Platforms.Build.0 = Release|Any CPU
		{22CE846D-8342-45E7-BEE7-531EEF54CC34}.Release|Win32.ActiveCfg = Release|Any CPU
		{22CE846D-8342-45E7-BEE7-531EEF54CC34}.Release|x86.ActiveCfg = Release|Any CPU
		{E9D82E8B-F60E-4805-888D-47EEA0D85E5E}.Debug|Any CPU.ActiveCfg = Debug|Any CPU
		{E9D82E8B-F60E-4805-888D-47EEA0D85E5E}.Debug|Any CPU.Build.0 = Debug|Any CPU
		{E9D82E8B-F60E-4805-888D-47EEA0D85E5E}.Debug|Mixed Platforms.ActiveCfg = Debug|Any CPU
		{E9D82E8B-F60E-4805-888D-47EEA0D85E5E}.Debug|Mixed Platforms.Build.0 = Debug|Any CPU
		{E9D82E8B-F60E-4805-888D-47EEA0D85E5E}.Debug|Win32.ActiveCfg = Debug|Any CPU
		{E9D82E8B-F60E-4805-888D-47EEA0D85E5E}.Debug|x86.ActiveCfg = Debug|Any CPU
		{E9D82E8B-F60E-4805-888D-47EEA0D85E5E}.Release|Any CPU.ActiveCfg = Release|Any CPU
		{E9D82E8B-F60E-4805-888D-47EEA0D85E5E}.Release|Any CPU.Build.0 = Release|Any CPU
		{E9D82E8B-F60E-4805-888D-47EEA0D85E5E}.Release|Mixed Platforms.ActiveCfg = Release|Any CPU
		{E9D82E8B-F60E-4805-888D-47EEA0D85E5E}.Release|Mixed Platforms.Build.0 = Release|Any CPU
		{E9D82E8B-F60E-4805-888D-47EEA0D85E5E}.Release|Win32.ActiveCfg = Release|Any CPU
		{E9D82E8B-F60E-4805-888D-47EEA0D85E5E}.Release|x86.ActiveCfg = Release|Any CPU
		{62F93C06-B607-4499-AD10-70A57843B4A2}.Debug|Any CPU.ActiveCfg = Debug|Any CPU
		{62F93C06-B607-4499-AD10-70A57843B4A2}.Debug|Any CPU.Build.0 = Debug|Any CPU
		{62F93C06-B607-4499-AD10-70A57843B4A2}.Debug|Mixed Platforms.ActiveCfg = Debug|Any CPU
		{62F93C06-B607-4499-AD10-70A57843B4A2}.Debug|Mixed Platforms.Build.0 = Debug|Any CPU
		{62F93C06-B607-4499-AD10-70A57843B4A2}.Debug|Win32.ActiveCfg = Debug|Any CPU
		{62F93C06-B607-4499-AD10-70A57843B4A2}.Debug|x86.ActiveCfg = Debug|Any CPU
		{62F93C06-B607-4499-AD10-70A57843B4A2}.Release|Any CPU.ActiveCfg = Release|Any CPU
		{62F93C06-B607-4499-AD10-70A57843B4A2}.Release|Any CPU.Build.0 = Release|Any CPU
		{62F93C06-B607-4499-AD10-70A57843B4A2}.Release|Mixed Platforms.ActiveCfg = Release|Any CPU
		{62F93C06-B607-4499-AD10-70A57843B4A2}.Release|Mixed Platforms.Build.0 = Release|Any CPU
		{62F93C06-B607-4499-AD10-70A57843B4A2}.Release|Win32.ActiveCfg = Release|Any CPU
		{62F93C06-B607-4499-AD10-70A57843B4A2}.Release|x86.ActiveCfg = Release|Any CPU
		{F6BDF982-28FB-45DA-BC0A-EDE2ADFD04C7}.Debug|Any CPU.ActiveCfg = Debug|Any CPU
		{F6BDF982-28FB-45DA-BC0A-EDE2ADFD04C7}.Debug|Any CPU.Build.0 = Debug|Any CPU
		{F6BDF982-28FB-45DA-BC0A-EDE2ADFD04C7}.Debug|Mixed Platforms.ActiveCfg = Debug|Any CPU
		{F6BDF982-28FB-45DA-BC0A-EDE2ADFD04C7}.Debug|Mixed Platforms.Build.0 = Debug|Any CPU
		{F6BDF982-28FB-45DA-BC0A-EDE2ADFD04C7}.Debug|Win32.ActiveCfg = Debug|Any CPU
		{F6BDF982-28FB-45DA-BC0A-EDE2ADFD04C7}.Debug|x86.ActiveCfg = Debug|Any CPU
		{F6BDF982-28FB-45DA-BC0A-EDE2ADFD04C7}.Release|Any CPU.ActiveCfg = Release|Any CPU
		{F6BDF982-28FB-45DA-BC0A-EDE2ADFD04C7}.Release|Any CPU.Build.0 = Release|Any CPU
		{F6BDF982-28FB-45DA-BC0A-EDE2ADFD04C7}.Release|Mixed Platforms.ActiveCfg = Release|Any CPU
		{F6BDF982-28FB-45DA-BC0A-EDE2ADFD04C7}.Release|Mixed Platforms.Build.0 = Release|Any CPU
		{F6BDF982-28FB-45DA-BC0A-EDE2ADFD04C7}.Release|Win32.ActiveCfg = Release|Any CPU
		{F6BDF982-28FB-45DA-BC0A-EDE2ADFD04C7}.Release|x86.ActiveCfg = Release|Any CPU
		{78FB4A5D-C50C-410C-9B08-73717CF2564F}.Debug|Any CPU.ActiveCfg = Debug|Any CPU
		{78FB4A5D-C50C-410C-9B08-73717CF2564F}.Debug|Any CPU.Build.0 = Debug|Any CPU
		{78FB4A5D-C50C-410C-9B08-73717CF2564F}.Debug|Mixed Platforms.ActiveCfg = Debug|Any CPU
		{78FB4A5D-C50C-410C-9B08-73717CF2564F}.Debug|Mixed Platforms.Build.0 = Debug|Any CPU
		{78FB4A5D-C50C-410C-9B08-73717CF2564F}.Debug|Win32.ActiveCfg = Debug|Any CPU
		{78FB4A5D-C50C-410C-9B08-73717CF2564F}.Debug|x86.ActiveCfg = Debug|Any CPU
		{78FB4A5D-C50C-410C-9B08-73717CF2564F}.Release|Any CPU.ActiveCfg = Release|Any CPU
		{78FB4A5D-C50C-410C-9B08-73717CF2564F}.Release|Any CPU.Build.0 = Release|Any CPU
		{78FB4A5D-C50C-410C-9B08-73717CF2564F}.Release|Mixed Platforms.ActiveCfg = Release|Any CPU
		{78FB4A5D-C50C-410C-9B08-73717CF2564F}.Release|Mixed Platforms.Build.0 = Release|Any CPU
		{78FB4A5D-C50C-410C-9B08-73717CF2564F}.Release|Win32.ActiveCfg = Release|Any CPU
		{78FB4A5D-C50C-410C-9B08-73717CF2564F}.Release|x86.ActiveCfg = Release|Any CPU
		{8943B9F4-90B2-41C0-BB99-1AA956F70A90}.Debug|Any CPU.ActiveCfg = Debug|Any CPU
		{8943B9F4-90B2-41C0-BB99-1AA956F70A90}.Debug|Any CPU.Build.0 = Debug|Any CPU
		{8943B9F4-90B2-41C0-BB99-1AA956F70A90}.Debug|Mixed Platforms.ActiveCfg = Debug|Any CPU
		{8943B9F4-90B2-41C0-BB99-1AA956F70A90}.Debug|Mixed Platforms.Build.0 = Debug|Any CPU
		{8943B9F4-90B2-41C0-BB99-1AA956F70A90}.Debug|Win32.ActiveCfg = Debug|Any CPU
		{8943B9F4-90B2-41C0-BB99-1AA956F70A90}.Debug|x86.ActiveCfg = Debug|Any CPU
		{8943B9F4-90B2-41C0-BB99-1AA956F70A90}.Release|Any CPU.ActiveCfg = Release|Any CPU
		{8943B9F4-90B2-41C0-BB99-1AA956F70A90}.Release|Any CPU.Build.0 = Release|Any CPU
		{8943B9F4-90B2-41C0-BB99-1AA956F70A90}.Release|Mixed Platforms.ActiveCfg = Release|Any CPU
		{8943B9F4-90B2-41C0-BB99-1AA956F70A90}.Release|Mixed Platforms.Build.0 = Release|Any CPU
		{8943B9F4-90B2-41C0-BB99-1AA956F70A90}.Release|Win32.ActiveCfg = Release|Any CPU
		{8943B9F4-90B2-41C0-BB99-1AA956F70A90}.Release|x86.ActiveCfg = Release|Any CPU
		{F4BDCA23-852D-4548-91E7-BF340202DD3D}.Debug|Any CPU.ActiveCfg = Debug|Any CPU
		{F4BDCA23-852D-4548-91E7-BF340202DD3D}.Debug|Any CPU.Build.0 = Debug|Any CPU
		{F4BDCA23-852D-4548-91E7-BF340202DD3D}.Debug|Mixed Platforms.ActiveCfg = Debug|Any CPU
		{F4BDCA23-852D-4548-91E7-BF340202DD3D}.Debug|Mixed Platforms.Build.0 = Debug|Any CPU
		{F4BDCA23-852D-4548-91E7-BF340202DD3D}.Debug|Win32.ActiveCfg = Debug|Any CPU
		{F4BDCA23-852D-4548-91E7-BF340202DD3D}.Debug|x86.ActiveCfg = Debug|Any CPU
		{F4BDCA23-852D-4548-91E7-BF340202DD3D}.Release|Any CPU.ActiveCfg = Release|Any CPU
		{F4BDCA23-852D-4548-91E7-BF340202DD3D}.Release|Any CPU.Build.0 = Release|Any CPU
		{F4BDCA23-852D-4548-91E7-BF340202DD3D}.Release|Mixed Platforms.ActiveCfg = Release|Any CPU
		{F4BDCA23-852D-4548-91E7-BF340202DD3D}.Release|Mixed Platforms.Build.0 = Release|Any CPU
		{F4BDCA23-852D-4548-91E7-BF340202DD3D}.Release|Win32.ActiveCfg = Release|Any CPU
		{F4BDCA23-852D-4548-91E7-BF340202DD3D}.Release|x86.ActiveCfg = Release|Any CPU
		{F6FE94A3-BEA4-411C-ABC9-A9DFEC32760B}.Debug|Any CPU.ActiveCfg = Debug|Any CPU
		{F6FE94A3-BEA4-411C-ABC9-A9DFEC32760B}.Debug|Any CPU.Build.0 = Debug|Any CPU
		{F6FE94A3-BEA4-411C-ABC9-A9DFEC32760B}.Debug|Mixed Platforms.ActiveCfg = Debug|Any CPU
		{F6FE94A3-BEA4-411C-ABC9-A9DFEC32760B}.Debug|Mixed Platforms.Build.0 = Debug|Any CPU
		{F6FE94A3-BEA4-411C-ABC9-A9DFEC32760B}.Debug|Win32.ActiveCfg = Debug|Any CPU
		{F6FE94A3-BEA4-411C-ABC9-A9DFEC32760B}.Debug|x86.ActiveCfg = Debug|Any CPU
		{F6FE94A3-BEA4-411C-ABC9-A9DFEC32760B}.Release|Any CPU.ActiveCfg = Release|Any CPU
		{F6FE94A3-BEA4-411C-ABC9-A9DFEC32760B}.Release|Any CPU.Build.0 = Release|Any CPU
		{F6FE94A3-BEA4-411C-ABC9-A9DFEC32760B}.Release|Mixed Platforms.ActiveCfg = Release|Any CPU
		{F6FE94A3-BEA4-411C-ABC9-A9DFEC32760B}.Release|Mixed Platforms.Build.0 = Release|Any CPU
		{F6FE94A3-BEA4-411C-ABC9-A9DFEC32760B}.Release|Win32.ActiveCfg = Release|Any CPU
		{F6FE94A3-BEA4-411C-ABC9-A9DFEC32760B}.Release|x86.ActiveCfg = Release|Any CPU
		{8816C617-6FED-4BFA-8DE0-F36D306C5EED}.Debug|Any CPU.ActiveCfg = Debug|Any CPU
		{8816C617-6FED-4BFA-8DE0-F36D306C5EED}.Debug|Any CPU.Build.0 = Debug|Any CPU
		{8816C617-6FED-4BFA-8DE0-F36D306C5EED}.Debug|Mixed Platforms.ActiveCfg = Debug|Any CPU
		{8816C617-6FED-4BFA-8DE0-F36D306C5EED}.Debug|Mixed Platforms.Build.0 = Debug|Any CPU
		{8816C617-6FED-4BFA-8DE0-F36D306C5EED}.Debug|Win32.ActiveCfg = Debug|Any CPU
		{8816C617-6FED-4BFA-8DE0-F36D306C5EED}.Debug|x86.ActiveCfg = Debug|Any CPU
		{8816C617-6FED-4BFA-8DE0-F36D306C5EED}.Release|Any CPU.ActiveCfg = Release|Any CPU
		{8816C617-6FED-4BFA-8DE0-F36D306C5EED}.Release|Any CPU.Build.0 = Release|Any CPU
		{8816C617-6FED-4BFA-8DE0-F36D306C5EED}.Release|Mixed Platforms.ActiveCfg = Release|Any CPU
		{8816C617-6FED-4BFA-8DE0-F36D306C5EED}.Release|Mixed Platforms.Build.0 = Release|Any CPU
		{8816C617-6FED-4BFA-8DE0-F36D306C5EED}.Release|Win32.ActiveCfg = Release|Any CPU
		{8816C617-6FED-4BFA-8DE0-F36D306C5EED}.Release|x86.ActiveCfg = Release|Any CPU
		{55015D26-6A55-437F-9FCE-8E2F59781510}.Debug|Any CPU.ActiveCfg = Debug|Any CPU
		{55015D26-6A55-437F-9FCE-8E2F59781510}.Debug|Any CPU.Build.0 = Debug|Any CPU
		{55015D26-6A55-437F-9FCE-8E2F59781510}.Debug|Mixed Platforms.ActiveCfg = Debug|Any CPU
		{55015D26-6A55-437F-9FCE-8E2F59781510}.Debug|Mixed Platforms.Build.0 = Debug|Any CPU
		{55015D26-6A55-437F-9FCE-8E2F59781510}.Debug|Win32.ActiveCfg = Debug|Any CPU
		{55015D26-6A55-437F-9FCE-8E2F59781510}.Debug|x86.ActiveCfg = Debug|Any CPU
		{55015D26-6A55-437F-9FCE-8E2F59781510}.Release|Any CPU.ActiveCfg = Release|Any CPU
		{55015D26-6A55-437F-9FCE-8E2F59781510}.Release|Any CPU.Build.0 = Release|Any CPU
		{55015D26-6A55-437F-9FCE-8E2F59781510}.Release|Mixed Platforms.ActiveCfg = Release|Any CPU
		{55015D26-6A55-437F-9FCE-8E2F59781510}.Release|Mixed Platforms.Build.0 = Release|Any CPU
		{55015D26-6A55-437F-9FCE-8E2F59781510}.Release|Win32.ActiveCfg = Release|Any CPU
		{55015D26-6A55-437F-9FCE-8E2F59781510}.Release|x86.ActiveCfg = Release|Any CPU
		{A0437D38-57DD-4EF8-ADF7-822F42598117}.Debug|Any CPU.ActiveCfg = Debug|Any CPU
		{A0437D38-57DD-4EF8-ADF7-822F42598117}.Debug|Any CPU.Build.0 = Debug|Any CPU
		{A0437D38-57DD-4EF8-ADF7-822F42598117}.Debug|Mixed Platforms.ActiveCfg = Debug|Any CPU
		{A0437D38-57DD-4EF8-ADF7-822F42598117}.Debug|Mixed Platforms.Build.0 = Debug|Any CPU
		{A0437D38-57DD-4EF8-ADF7-822F42598117}.Debug|Win32.ActiveCfg = Debug|Any CPU
		{A0437D38-57DD-4EF8-ADF7-822F42598117}.Debug|x86.ActiveCfg = Debug|Any CPU
		{A0437D38-57DD-4EF8-ADF7-822F42598117}.Release|Any CPU.ActiveCfg = Release|Any CPU
		{A0437D38-57DD-4EF8-ADF7-822F42598117}.Release|Any CPU.Build.0 = Release|Any CPU
		{A0437D38-57DD-4EF8-ADF7-822F42598117}.Release|Mixed Platforms.ActiveCfg = Release|Any CPU
		{A0437D38-57DD-4EF8-ADF7-822F42598117}.Release|Mixed Platforms.Build.0 = Release|Any CPU
		{A0437D38-57DD-4EF8-ADF7-822F42598117}.Release|Win32.ActiveCfg = Release|Any CPU
		{A0437D38-57DD-4EF8-ADF7-822F42598117}.Release|x86.ActiveCfg = Release|Any CPU
		{B38C55EA-35BD-4D9D-AFD5-BCC7A466C961}.Debug|Any CPU.ActiveCfg = Debug|Any CPU
		{B38C55EA-35BD-4D9D-AFD5-BCC7A466C961}.Debug|Any CPU.Build.0 = Debug|Any CPU
		{B38C55EA-35BD-4D9D-AFD5-BCC7A466C961}.Debug|Mixed Platforms.ActiveCfg = Debug|Any CPU
		{B38C55EA-35BD-4D9D-AFD5-BCC7A466C961}.Debug|Mixed Platforms.Build.0 = Debug|Any CPU
		{B38C55EA-35BD-4D9D-AFD5-BCC7A466C961}.Debug|Win32.ActiveCfg = Debug|Any CPU
		{B38C55EA-35BD-4D9D-AFD5-BCC7A466C961}.Debug|x86.ActiveCfg = Debug|Any CPU
		{B38C55EA-35BD-4D9D-AFD5-BCC7A466C961}.Release|Any CPU.ActiveCfg = Release|Any CPU
		{B38C55EA-35BD-4D9D-AFD5-BCC7A466C961}.Release|Any CPU.Build.0 = Release|Any CPU
		{B38C55EA-35BD-4D9D-AFD5-BCC7A466C961}.Release|Mixed Platforms.ActiveCfg = Release|Any CPU
		{B38C55EA-35BD-4D9D-AFD5-BCC7A466C961}.Release|Mixed Platforms.Build.0 = Release|Any CPU
		{B38C55EA-35BD-4D9D-AFD5-BCC7A466C961}.Release|Win32.ActiveCfg = Release|Any CPU
		{B38C55EA-35BD-4D9D-AFD5-BCC7A466C961}.Release|x86.ActiveCfg = Release|Any CPU
		{E153BD44-B091-4CBE-8FFA-E3FED27B1AC4}.Debug|Any CPU.ActiveCfg = Debug|Any CPU
		{E153BD44-B091-4CBE-8FFA-E3FED27B1AC4}.Debug|Any CPU.Build.0 = Debug|Any CPU
		{E153BD44-B091-4CBE-8FFA-E3FED27B1AC4}.Debug|Mixed Platforms.ActiveCfg = Debug|Any CPU
		{E153BD44-B091-4CBE-8FFA-E3FED27B1AC4}.Debug|Mixed Platforms.Build.0 = Debug|Any CPU
		{E153BD44-B091-4CBE-8FFA-E3FED27B1AC4}.Debug|Win32.ActiveCfg = Debug|Any CPU
		{E153BD44-B091-4CBE-8FFA-E3FED27B1AC4}.Debug|x86.ActiveCfg = Debug|Any CPU
		{E153BD44-B091-4CBE-8FFA-E3FED27B1AC4}.Release|Any CPU.ActiveCfg = Release|Any CPU
		{E153BD44-B091-4CBE-8FFA-E3FED27B1AC4}.Release|Any CPU.Build.0 = Release|Any CPU
		{E153BD44-B091-4CBE-8FFA-E3FED27B1AC4}.Release|Mixed Platforms.ActiveCfg = Release|Any CPU
		{E153BD44-B091-4CBE-8FFA-E3FED27B1AC4}.Release|Mixed Platforms.Build.0 = Release|Any CPU
		{E153BD44-B091-4CBE-8FFA-E3FED27B1AC4}.Release|Win32.ActiveCfg = Release|Any CPU
		{E153BD44-B091-4CBE-8FFA-E3FED27B1AC4}.Release|x86.ActiveCfg = Release|Any CPU
		{10920C4B-34C5-4552-B58A-63FB9663A5F9}.Debug|Any CPU.ActiveCfg = Debug|Any CPU
		{10920C4B-34C5-4552-B58A-63FB9663A5F9}.Debug|Any CPU.Build.0 = Debug|Any CPU
		{10920C4B-34C5-4552-B58A-63FB9663A5F9}.Debug|Mixed Platforms.ActiveCfg = Debug|Any CPU
		{10920C4B-34C5-4552-B58A-63FB9663A5F9}.Debug|Mixed Platforms.Build.0 = Debug|Any CPU
		{10920C4B-34C5-4552-B58A-63FB9663A5F9}.Debug|Win32.ActiveCfg = Debug|Any CPU
		{10920C4B-34C5-4552-B58A-63FB9663A5F9}.Debug|x86.ActiveCfg = Debug|Any CPU
		{10920C4B-34C5-4552-B58A-63FB9663A5F9}.Release|Any CPU.ActiveCfg = Release|Any CPU
		{10920C4B-34C5-4552-B58A-63FB9663A5F9}.Release|Any CPU.Build.0 = Release|Any CPU
		{10920C4B-34C5-4552-B58A-63FB9663A5F9}.Release|Mixed Platforms.ActiveCfg = Release|Any CPU
		{10920C4B-34C5-4552-B58A-63FB9663A5F9}.Release|Mixed Platforms.Build.0 = Release|Any CPU
		{10920C4B-34C5-4552-B58A-63FB9663A5F9}.Release|Win32.ActiveCfg = Release|Any CPU
		{10920C4B-34C5-4552-B58A-63FB9663A5F9}.Release|x86.ActiveCfg = Release|Any CPU
		{B3E43E36-144F-46E6-A07C-7E2F976B6EA3}.Debug|Any CPU.ActiveCfg = Debug|Any CPU
		{B3E43E36-144F-46E6-A07C-7E2F976B6EA3}.Debug|Any CPU.Build.0 = Debug|Any CPU
		{B3E43E36-144F-46E6-A07C-7E2F976B6EA3}.Debug|Mixed Platforms.ActiveCfg = Debug|Any CPU
		{B3E43E36-144F-46E6-A07C-7E2F976B6EA3}.Debug|Mixed Platforms.Build.0 = Debug|Any CPU
		{B3E43E36-144F-46E6-A07C-7E2F976B6EA3}.Debug|Win32.ActiveCfg = Debug|Any CPU
		{B3E43E36-144F-46E6-A07C-7E2F976B6EA3}.Debug|x86.ActiveCfg = Debug|Any CPU
		{B3E43E36-144F-46E6-A07C-7E2F976B6EA3}.Release|Any CPU.ActiveCfg = Release|Any CPU
		{B3E43E36-144F-46E6-A07C-7E2F976B6EA3}.Release|Any CPU.Build.0 = Release|Any CPU
		{B3E43E36-144F-46E6-A07C-7E2F976B6EA3}.Release|Mixed Platforms.ActiveCfg = Release|Any CPU
		{B3E43E36-144F-46E6-A07C-7E2F976B6EA3}.Release|Mixed Platforms.Build.0 = Release|Any CPU
		{B3E43E36-144F-46E6-A07C-7E2F976B6EA3}.Release|Win32.ActiveCfg = Release|Any CPU
		{B3E43E36-144F-46E6-A07C-7E2F976B6EA3}.Release|x86.ActiveCfg = Release|Any CPU
		{08286663-7997-483A-A8EF-72DDFD2B6C77}.Debug|Any CPU.ActiveCfg = Debug|Any CPU
		{08286663-7997-483A-A8EF-72DDFD2B6C77}.Debug|Any CPU.Build.0 = Debug|Any CPU
		{08286663-7997-483A-A8EF-72DDFD2B6C77}.Debug|Mixed Platforms.ActiveCfg = Debug|Any CPU
		{08286663-7997-483A-A8EF-72DDFD2B6C77}.Debug|Mixed Platforms.Build.0 = Debug|Any CPU
		{08286663-7997-483A-A8EF-72DDFD2B6C77}.Debug|Win32.ActiveCfg = Debug|Any CPU
		{08286663-7997-483A-A8EF-72DDFD2B6C77}.Debug|x86.ActiveCfg = Debug|Any CPU
		{08286663-7997-483A-A8EF-72DDFD2B6C77}.Release|Any CPU.ActiveCfg = Release|Any CPU
		{08286663-7997-483A-A8EF-72DDFD2B6C77}.Release|Any CPU.Build.0 = Release|Any CPU
		{08286663-7997-483A-A8EF-72DDFD2B6C77}.Release|Mixed Platforms.ActiveCfg = Release|Any CPU
		{08286663-7997-483A-A8EF-72DDFD2B6C77}.Release|Mixed Platforms.Build.0 = Release|Any CPU
		{08286663-7997-483A-A8EF-72DDFD2B6C77}.Release|Win32.ActiveCfg = Release|Any CPU
		{08286663-7997-483A-A8EF-72DDFD2B6C77}.Release|x86.ActiveCfg = Release|Any CPU
		{5E23686A-677E-4823-A088-006FC6BC9494}.Debug|Any CPU.ActiveCfg = Debug|Any CPU
		{5E23686A-677E-4823-A088-006FC6BC9494}.Debug|Any CPU.Build.0 = Debug|Any CPU
		{5E23686A-677E-4823-A088-006FC6BC9494}.Debug|Mixed Platforms.ActiveCfg = Debug|Any CPU
		{5E23686A-677E-4823-A088-006FC6BC9494}.Debug|Mixed Platforms.Build.0 = Debug|Any CPU
		{5E23686A-677E-4823-A088-006FC6BC9494}.Debug|Win32.ActiveCfg = Debug|Any CPU
		{5E23686A-677E-4823-A088-006FC6BC9494}.Debug|x86.ActiveCfg = Debug|Any CPU
		{5E23686A-677E-4823-A088-006FC6BC9494}.Release|Any CPU.ActiveCfg = Release|Any CPU
		{5E23686A-677E-4823-A088-006FC6BC9494}.Release|Any CPU.Build.0 = Release|Any CPU
		{5E23686A-677E-4823-A088-006FC6BC9494}.Release|Mixed Platforms.ActiveCfg = Release|Any CPU
		{5E23686A-677E-4823-A088-006FC6BC9494}.Release|Mixed Platforms.Build.0 = Release|Any CPU
		{5E23686A-677E-4823-A088-006FC6BC9494}.Release|Win32.ActiveCfg = Release|Any CPU
		{5E23686A-677E-4823-A088-006FC6BC9494}.Release|x86.ActiveCfg = Release|Any CPU
		{25FB8F21-2C53-4AE7-9943-B15420DA4086}.Debug|Any CPU.ActiveCfg = Debug|Any CPU
		{25FB8F21-2C53-4AE7-9943-B15420DA4086}.Debug|Any CPU.Build.0 = Debug|Any CPU
		{25FB8F21-2C53-4AE7-9943-B15420DA4086}.Debug|Mixed Platforms.ActiveCfg = Debug|Any CPU
		{25FB8F21-2C53-4AE7-9943-B15420DA4086}.Debug|Mixed Platforms.Build.0 = Debug|Any CPU
		{25FB8F21-2C53-4AE7-9943-B15420DA4086}.Debug|Win32.ActiveCfg = Debug|Any CPU
		{25FB8F21-2C53-4AE7-9943-B15420DA4086}.Debug|x86.ActiveCfg = Debug|Any CPU
		{25FB8F21-2C53-4AE7-9943-B15420DA4086}.Release|Any CPU.ActiveCfg = Release|Any CPU
		{25FB8F21-2C53-4AE7-9943-B15420DA4086}.Release|Any CPU.Build.0 = Release|Any CPU
		{25FB8F21-2C53-4AE7-9943-B15420DA4086}.Release|Mixed Platforms.ActiveCfg = Release|Any CPU
		{25FB8F21-2C53-4AE7-9943-B15420DA4086}.Release|Mixed Platforms.Build.0 = Release|Any CPU
		{25FB8F21-2C53-4AE7-9943-B15420DA4086}.Release|Win32.ActiveCfg = Release|Any CPU
		{25FB8F21-2C53-4AE7-9943-B15420DA4086}.Release|x86.ActiveCfg = Release|Any CPU
		{75D001DF-4D8E-46D9-84EB-2247A0404A19}.Debug|Any CPU.ActiveCfg = Debug|Any CPU
		{75D001DF-4D8E-46D9-84EB-2247A0404A19}.Debug|Any CPU.Build.0 = Debug|Any CPU
		{75D001DF-4D8E-46D9-84EB-2247A0404A19}.Debug|Mixed Platforms.ActiveCfg = Debug|Any CPU
		{75D001DF-4D8E-46D9-84EB-2247A0404A19}.Debug|Mixed Platforms.Build.0 = Debug|Any CPU
		{75D001DF-4D8E-46D9-84EB-2247A0404A19}.Debug|Win32.ActiveCfg = Debug|Any CPU
		{75D001DF-4D8E-46D9-84EB-2247A0404A19}.Debug|x86.ActiveCfg = Debug|Any CPU
		{75D001DF-4D8E-46D9-84EB-2247A0404A19}.Release|Any CPU.ActiveCfg = Release|Any CPU
		{75D001DF-4D8E-46D9-84EB-2247A0404A19}.Release|Any CPU.Build.0 = Release|Any CPU
		{75D001DF-4D8E-46D9-84EB-2247A0404A19}.Release|Mixed Platforms.ActiveCfg = Release|Any CPU
		{75D001DF-4D8E-46D9-84EB-2247A0404A19}.Release|Mixed Platforms.Build.0 = Release|Any CPU
		{75D001DF-4D8E-46D9-84EB-2247A0404A19}.Release|Win32.ActiveCfg = Release|Any CPU
		{75D001DF-4D8E-46D9-84EB-2247A0404A19}.Release|x86.ActiveCfg = Release|Any CPU
	EndGlobalSection
	GlobalSection(SolutionProperties) = preSolution
		HideSolutionNode = FALSE
	EndGlobalSection
	GlobalSection(NestedProjects) = preSolution
		{A0BA381B-4922-479B-8533-83EE49C0E332} = {6DAF5C7D-86FE-4B82-9CAF-2233F9D7A07F}
		{C2E186C7-8A83-4D5D-9C45-FEB719B00258} = {6DAF5C7D-86FE-4B82-9CAF-2233F9D7A07F}
		{6F376C0C-CB8E-47A2-B880-E10467721171} = {C2E186C7-8A83-4D5D-9C45-FEB719B00258}
		{F7CE969C-81D6-465F-A2D9-8811E4C50CF0} = {46823F85-8B9F-4B9D-A96F-28433F6004A8}
		{2D82EF2E-CF63-4461-9DCF-1D40616EB15D} = {6DAF5C7D-86FE-4B82-9CAF-2233F9D7A07F}
		{51DD695B-824C-42D2-8301-CB0BFA235E90} = {6DAF5C7D-86FE-4B82-9CAF-2233F9D7A07F}
		{6BC236CE-CFB8-4B1E-B649-4A0A1721071A} = {6DAF5C7D-86FE-4B82-9CAF-2233F9D7A07F}
		{6254278D-52F8-4766-882D-E001984DE297} = {C2E186C7-8A83-4D5D-9C45-FEB719B00258}
		{35FEEE30-36D6-4AD2-8ABB-F3237011D174} = {6F376C0C-CB8E-47A2-B880-E10467721171}
	EndGlobalSection
EndGlobal
