
Microsoft Visual Studio Solution File, Format Version 11.00
# Visual Studio 2010
Project("{FAE04EC0-301F-11D3-BF4B-00C04F79EFBC}") = "MP3Tags", "MP3Tags\MP3Tags.csproj", "{DD217B9D-E3AB-4902-8F53-0118D833621F}"
EndProject
Project("{FAE04EC0-301F-11D3-BF4B-00C04F79EFBC}") = "FrameHandler", "FrameHandler\FrameHandler.csproj", "{D38143EF-3790-4A6F-B92C-183E8D46EF7C}"
EndProject
Project("{FAE04EC0-301F-11D3-BF4B-00C04F79EFBC}") = "Helper", "Helper\Helper.csproj", "{C742E1FE-5181-4EB5-B294-22374F715FB4}"
EndProject
Project("{FAE04EC0-301F-11D3-BF4B-00C04F79EFBC}") = "Common", "Common\Common.csproj", "{0D52BCDE-03E3-4018-8618-99B345EB794A}"
EndProject
Global
	GlobalSection(SolutionConfigurationPlatforms) = preSolution
		Debug|Any CPU = Debug|Any CPU
		Debug|Mixed Platforms = Debug|Mixed Platforms
		Debug|x86 = Debug|x86
		Release|Any CPU = Release|Any CPU
		Release|Mixed Platforms = Release|Mixed Platforms
		Release|x86 = Release|x86
	EndGlobalSection
	GlobalSection(ProjectConfigurationPlatforms) = postSolution
		{DD217B9D-E3AB-4902-8F53-0118D833621F}.Debug|Any CPU.ActiveCfg = Debug|x86
		{DD217B9D-E3AB-4902-8F53-0118D833621F}.Debug|Mixed Platforms.ActiveCfg = Debug|x86
		{DD217B9D-E3AB-4902-8F53-0118D833621F}.Debug|Mixed Platforms.Build.0 = Debug|x86
		{DD217B9D-E3AB-4902-8F53-0118D833621F}.Debug|x86.ActiveCfg = Debug|x86
		{DD217B9D-E3AB-4902-8F53-0118D833621F}.Debug|x86.Build.0 = Debug|x86
		{DD217B9D-E3AB-4902-8F53-0118D833621F}.Release|Any CPU.ActiveCfg = Release|x86
		{DD217B9D-E3AB-4902-8F53-0118D833621F}.Release|Mixed Platforms.ActiveCfg = Release|x86
		{DD217B9D-E3AB-4902-8F53-0118D833621F}.Release|Mixed Platforms.Build.0 = Release|x86
		{DD217B9D-E3AB-4902-8F53-0118D833621F}.Release|x86.ActiveCfg = Release|x86
		{DD217B9D-E3AB-4902-8F53-0118D833621F}.Release|x86.Build.0 = Release|x86
		{D38143EF-3790-4A6F-B92C-183E8D46EF7C}.Debug|Any CPU.ActiveCfg = Debug|Any CPU
		{D38143EF-3790-4A6F-B92C-183E8D46EF7C}.Debug|Any CPU.Build.0 = Debug|Any CPU
		{D38143EF-3790-4A6F-B92C-183E8D46EF7C}.Debug|Mixed Platforms.ActiveCfg = Debug|Any CPU
		{D38143EF-3790-4A6F-B92C-183E8D46EF7C}.Debug|Mixed Platforms.Build.0 = Debug|Any CPU
		{D38143EF-3790-4A6F-B92C-183E8D46EF7C}.Debug|x86.ActiveCfg = Debug|Any CPU
		{D38143EF-3790-4A6F-B92C-183E8D46EF7C}.Release|Any CPU.ActiveCfg = Release|Any CPU
		{D38143EF-3790-4A6F-B92C-183E8D46EF7C}.Release|Any CPU.Build.0 = Release|Any CPU
		{D38143EF-3790-4A6F-B92C-183E8D46EF7C}.Release|Mixed Platforms.ActiveCfg = Release|Any CPU
		{D38143EF-3790-4A6F-B92C-183E8D46EF7C}.Release|Mixed Platforms.Build.0 = Release|Any CPU
		{D38143EF-3790-4A6F-B92C-183E8D46EF7C}.Release|x86.ActiveCfg = Release|Any CPU
		{C742E1FE-5181-4EB5-B294-22374F715FB4}.Debug|Any CPU.ActiveCfg = Debug|Any CPU
		{C742E1FE-5181-4EB5-B294-22374F715FB4}.Debug|Any CPU.Build.0 = Debug|Any CPU
		{C742E1FE-5181-4EB5-B294-22374F715FB4}.Debug|Mixed Platforms.ActiveCfg = Debug|Any CPU
		{C742E1FE-5181-4EB5-B294-22374F715FB4}.Debug|Mixed Platforms.Build.0 = Debug|Any CPU
		{C742E1FE-5181-4EB5-B294-22374F715FB4}.Debug|x86.ActiveCfg = Debug|Any CPU
		{C742E1FE-5181-4EB5-B294-22374F715FB4}.Release|Any CPU.ActiveCfg = Release|Any CPU
		{C742E1FE-5181-4EB5-B294-22374F715FB4}.Release|Any CPU.Build.0 = Release|Any CPU
		{C742E1FE-5181-4EB5-B294-22374F715FB4}.Release|Mixed Platforms.ActiveCfg = Release|Any CPU
		{C742E1FE-5181-4EB5-B294-22374F715FB4}.Release|Mixed Platforms.Build.0 = Release|Any CPU
		{C742E1FE-5181-4EB5-B294-22374F715FB4}.Release|x86.ActiveCfg = Release|Any CPU
		{0D52BCDE-03E3-4018-8618-99B345EB794A}.Debug|Any CPU.ActiveCfg = Debug|Any CPU
		{0D52BCDE-03E3-4018-8618-99B345EB794A}.Debug|Any CPU.Build.0 = Debug|Any CPU
		{0D52BCDE-03E3-4018-8618-99B345EB794A}.Debug|Mixed Platforms.ActiveCfg = Debug|Any CPU
		{0D52BCDE-03E3-4018-8618-99B345EB794A}.Debug|Mixed Platforms.Build.0 = Debug|Any CPU
		{0D52BCDE-03E3-4018-8618-99B345EB794A}.Debug|x86.ActiveCfg = Debug|Any CPU
		{0D52BCDE-03E3-4018-8618-99B345EB794A}.Release|Any CPU.ActiveCfg = Release|Any CPU
		{0D52BCDE-03E3-4018-8618-99B345EB794A}.Release|Any CPU.Build.0 = Release|Any CPU
		{0D52BCDE-03E3-4018-8618-99B345EB794A}.Release|Mixed Platforms.ActiveCfg = Release|Any CPU
		{0D52BCDE-03E3-4018-8618-99B345EB794A}.Release|Mixed Platforms.Build.0 = Release|Any CPU
		{0D52BCDE-03E3-4018-8618-99B345EB794A}.Release|x86.ActiveCfg = Release|Any CPU
	EndGlobalSection
	GlobalSection(SolutionProperties) = preSolution
		HideSolutionNode = FALSE
	EndGlobalSection
EndGlobal
